// !$*UTF8*$!
{
	archiveVersion = 1;
	classes = {
	};
	objectVersion = 56;
	objects = {

/* Begin PBXBuildFile section */
		62A76F8C2C6FC85800035738 /* SkyBargainApp.swift in Sources */ = {isa = PBXBuildFile; fileRef = 62A76F8B2C6FC85800035738 /* SkyBargainApp.swift */; };
		62A76F902C6FC85A00035738 /* Assets.xcassets in Resources */ = {isa = PBXBuildFile; fileRef = 62A76F8F2C6FC85A00035738 /* Assets.xcassets */; };
		62A76F942C6FC85A00035738 /* Preview Assets.xcassets in Resources */ = {isa = PBXBuildFile; fileRef = 62A76F932C6FC85A00035738 /* Preview Assets.xcassets */; };
		62A76F9E2C6FC85A00035738 /* SkyBargainTests.swift in Sources */ = {isa = PBXBuildFile; fileRef = 62A76F9D2C6FC85A00035738 /* SkyBargainTests.swift */; };
		62A76FA82C6FC85A00035738 /* SkyBargainUITests.swift in Sources */ = {isa = PBXBuildFile; fileRef = 62A76FA72C6FC85A00035738 /* SkyBargainUITests.swift */; };
		62A76FAA2C6FC85A00035738 /* SkyBargainUITestsLaunchTests.swift in Sources */ = {isa = PBXBuildFile; fileRef = 62A76FA92C6FC85A00035738 /* SkyBargainUITestsLaunchTests.swift */; };
		62A76FB72C6FC8A800035738 /* FlightsListView.swift in Sources */ = {isa = PBXBuildFile; fileRef = 62A76FB62C6FC8A800035738 /* FlightsListView.swift */; };
		62A76FB92C6FC93800035738 /* FlightsCellView.swift in Sources */ = {isa = PBXBuildFile; fileRef = 62A76FB82C6FC93800035738 /* FlightsCellView.swift */; };
		62A76FBB2C6FC96800035738 /* FlightsModel.swift in Sources */ = {isa = PBXBuildFile; fileRef = 62A76FBA2C6FC96800035738 /* FlightsModel.swift */; };
		62A76FBD2C6FC9C700035738 /* FlightDetailView.swift in Sources */ = {isa = PBXBuildFile; fileRef = 62A76FBC2C6FC9C700035738 /* FlightDetailView.swift */; };
		62A76FBF2C6FC9F000035738 /* String+Ext.swift in Sources */ = {isa = PBXBuildFile; fileRef = 62A76FBE2C6FC9F000035738 /* String+Ext.swift */; };
		62A76FC12C6FCA3C00035738 /* FlightsFindService.swift in Sources */ = {isa = PBXBuildFile; fileRef = 62A76FC02C6FCA3C00035738 /* FlightsFindService.swift */; };
		62A76FC32C6FCA8A00035738 /* FlightsListViewModel.swift in Sources */ = {isa = PBXBuildFile; fileRef = 62A76FC22C6FCA8A00035738 /* FlightsListViewModel.swift */; };
/* End PBXBuildFile section */

/* Begin PBXContainerItemProxy section */
		62A76F9A2C6FC85A00035738 /* PBXContainerItemProxy */ = {
			isa = PBXContainerItemProxy;
			containerPortal = 62A76F802C6FC85800035738 /* Project object */;
			proxyType = 1;
			remoteGlobalIDString = 62A76F872C6FC85800035738;
			remoteInfo = SkyBargain;
		};
		62A76FA42C6FC85A00035738 /* PBXContainerItemProxy */ = {
			isa = PBXContainerItemProxy;
			containerPortal = 62A76F802C6FC85800035738 /* Project object */;
			proxyType = 1;
			remoteGlobalIDString = 62A76F872C6FC85800035738;
			remoteInfo = SkyBargain;
		};
/* End PBXContainerItemProxy section */

/* Begin PBXFileReference section */
		62A76F882C6FC85800035738 /* SkyBargain.app */ = {isa = PBXFileReference; explicitFileType = wrapper.application; includeInIndex = 0; path = SkyBargain.app; sourceTree = BUILT_PRODUCTS_DIR; };
		62A76F8B2C6FC85800035738 /* SkyBargainApp.swift */ = {isa = PBXFileReference; lastKnownFileType = sourcecode.swift; path = SkyBargainApp.swift; sourceTree = "<group>"; };
		62A76F8F2C6FC85A00035738 /* Assets.xcassets */ = {isa = PBXFileReference; lastKnownFileType = folder.assetcatalog; path = Assets.xcassets; sourceTree = "<group>"; };
		62A76F912C6FC85A00035738 /* SkyBargain.entitlements */ = {isa = PBXFileReference; lastKnownFileType = text.plist.entitlements; path = SkyBargain.entitlements; sourceTree = "<group>"; };
		62A76F932C6FC85A00035738 /* Preview Assets.xcassets */ = {isa = PBXFileReference; lastKnownFileType = folder.assetcatalog; path = "Preview Assets.xcassets"; sourceTree = "<group>"; };
		62A76F992C6FC85A00035738 /* SkyBargainTests.xctest */ = {isa = PBXFileReference; explicitFileType = wrapper.cfbundle; includeInIndex = 0; path = SkyBargainTests.xctest; sourceTree = BUILT_PRODUCTS_DIR; };
		62A76F9D2C6FC85A00035738 /* SkyBargainTests.swift */ = {isa = PBXFileReference; lastKnownFileType = sourcecode.swift; path = SkyBargainTests.swift; sourceTree = "<group>"; };
		62A76FA32C6FC85A00035738 /* SkyBargainUITests.xctest */ = {isa = PBXFileReference; explicitFileType = wrapper.cfbundle; includeInIndex = 0; path = SkyBargainUITests.xctest; sourceTree = BUILT_PRODUCTS_DIR; };
		62A76FA72C6FC85A00035738 /* SkyBargainUITests.swift */ = {isa = PBXFileReference; lastKnownFileType = sourcecode.swift; path = SkyBargainUITests.swift; sourceTree = "<group>"; };
		62A76FA92C6FC85A00035738 /* SkyBargainUITestsLaunchTests.swift */ = {isa = PBXFileReference; lastKnownFileType = sourcecode.swift; path = SkyBargainUITestsLaunchTests.swift; sourceTree = "<group>"; };
		62A76FB62C6FC8A800035738 /* FlightsListView.swift */ = {isa = PBXFileReference; lastKnownFileType = sourcecode.swift; path = FlightsListView.swift; sourceTree = "<group>"; };
		62A76FB82C6FC93800035738 /* FlightsCellView.swift */ = {isa = PBXFileReference; lastKnownFileType = sourcecode.swift; path = FlightsCellView.swift; sourceTree = "<group>"; };
		62A76FBA2C6FC96800035738 /* FlightsModel.swift */ = {isa = PBXFileReference; lastKnownFileType = sourcecode.swift; path = FlightsModel.swift; sourceTree = "<group>"; };
		62A76FBC2C6FC9C700035738 /* FlightDetailView.swift */ = {isa = PBXFileReference; lastKnownFileType = sourcecode.swift; path = FlightDetailView.swift; sourceTree = "<group>"; };
		62A76FBE2C6FC9F000035738 /* String+Ext.swift */ = {isa = PBXFileReference; lastKnownFileType = sourcecode.swift; path = "String+Ext.swift"; sourceTree = "<group>"; };
		62A76FC02C6FCA3C00035738 /* FlightsFindService.swift */ = {isa = PBXFileReference; lastKnownFileType = sourcecode.swift; path = FlightsFindService.swift; sourceTree = "<group>"; };
		62A76FC22C6FCA8A00035738 /* FlightsListViewModel.swift */ = {isa = PBXFileReference; lastKnownFileType = sourcecode.swift; path = FlightsListViewModel.swift; sourceTree = "<group>"; };
/* End PBXFileReference section */

/* Begin PBXFrameworksBuildPhase section */
		62A76F852C6FC85800035738 /* Frameworks */ = {
			isa = PBXFrameworksBuildPhase;
			buildActionMask = 2147483647;
			files = (
			);
			runOnlyForDeploymentPostprocessing = 0;
		};
		62A76F962C6FC85A00035738 /* Frameworks */ = {
			isa = PBXFrameworksBuildPhase;
			buildActionMask = 2147483647;
			files = (
			);
			runOnlyForDeploymentPostprocessing = 0;
		};
		62A76FA02C6FC85A00035738 /* Frameworks */ = {
			isa = PBXFrameworksBuildPhase;
			buildActionMask = 2147483647;
			files = (
			);
			runOnlyForDeploymentPostprocessing = 0;
		};
/* End PBXFrameworksBuildPhase section */

/* Begin PBXGroup section */
		62A76F7F2C6FC85800035738 = {
			isa = PBXGroup;
			children = (
				62A76F8A2C6FC85800035738 /* SkyBargain */,
				62A76F9C2C6FC85A00035738 /* SkyBargainTests */,
				62A76FA62C6FC85A00035738 /* SkyBargainUITests */,
				62A76F892C6FC85800035738 /* Products */,
			);
			sourceTree = "<group>";
		};
		62A76F892C6FC85800035738 /* Products */ = {
			isa = PBXGroup;
			children = (
				62A76F882C6FC85800035738 /* SkyBargain.app */,
				62A76F992C6FC85A00035738 /* SkyBargainTests.xctest */,
				62A76FA32C6FC85A00035738 /* SkyBargainUITests.xctest */,
			);
			name = Products;
			sourceTree = "<group>";
		};
		62A76F8A2C6FC85800035738 /* SkyBargain */ = {
			isa = PBXGroup;
			children = (
				62A76F8B2C6FC85800035738 /* SkyBargainApp.swift */,
				62A76FC72C6FCCAD00035738 /* Presentations */,
				62A76FCA2C6FCD4700035738 /* FlightDetail */,
				62A76FC62C6FCC8E00035738 /* Extensions */,
				62A76FC52C6FCC1300035738 /* Models */,
				62A76FC42C6FCBF200035738 /* Services */,
				62A76F8F2C6FC85A00035738 /* Assets.xcassets */,
				62A76F912C6FC85A00035738 /* SkyBargain.entitlements */,
				62A76F922C6FC85A00035738 /* Preview Content */,
			);
			path = SkyBargain;
			sourceTree = "<group>";
		};
		62A76F922C6FC85A00035738 /* Preview Content */ = {
			isa = PBXGroup;
			children = (
				62A76F932C6FC85A00035738 /* Preview Assets.xcassets */,
			);
			path = "Preview Content";
			sourceTree = "<group>";
		};
		62A76F9C2C6FC85A00035738 /* SkyBargainTests */ = {
			isa = PBXGroup;
			children = (
				62A76F9D2C6FC85A00035738 /* SkyBargainTests.swift */,
			);
			path = SkyBargainTests;
			sourceTree = "<group>";
		};
		62A76FA62C6FC85A00035738 /* SkyBargainUITests */ = {
			isa = PBXGroup;
			children = (
				62A76FA72C6FC85A00035738 /* SkyBargainUITests.swift */,
				62A76FA92C6FC85A00035738 /* SkyBargainUITestsLaunchTests.swift */,
			);
			path = SkyBargainUITests;
			sourceTree = "<group>";
		};
		62A76FC42C6FCBF200035738 /* Services */ = {
			isa = PBXGroup;
			children = (
				62A76FC02C6FCA3C00035738 /* FlightsFindService.swift */,
			);
			path = Services;
			sourceTree = "<group>";
		};
		62A76FC52C6FCC1300035738 /* Models */ = {
			isa = PBXGroup;
			children = (
				62A76FBA2C6FC96800035738 /* FlightsModel.swift */,
			);
			path = Models;
			sourceTree = "<group>";
		};
		62A76FC62C6FCC8E00035738 /* Extensions */ = {
			isa = PBXGroup;
			children = (
				62A76FBE2C6FC9F000035738 /* String+Ext.swift */,
			);
			path = Extensions;
			sourceTree = "<group>";
		};
		62A76FC72C6FCCAD00035738 /* Presentations */ = {
			isa = PBXGroup;
			children = (
				62A76FC82C6FCCB600035738 /* FlightsList */,
			);
			path = Presentations;
			sourceTree = "<group>";
		};
		62A76FC82C6FCCB600035738 /* FlightsList */ = {
			isa = PBXGroup;
			children = (
				62A76FB62C6FC8A800035738 /* FlightsListView.swift */,
				62A76FC22C6FCA8A00035738 /* FlightsListViewModel.swift */,
				62A76FC92C6FCD0600035738 /* FlightsCell */,
			);
			path = FlightsList;
			sourceTree = "<group>";
		};
		62A76FC92C6FCD0600035738 /* FlightsCell */ = {
			isa = PBXGroup;
			children = (
				62A76FB82C6FC93800035738 /* FlightsCellView.swift */,
			);
			path = FlightsCell;
			sourceTree = "<group>";
		};
		62A76FCA2C6FCD4700035738 /* FlightDetail */ = {
			isa = PBXGroup;
			children = (
				62A76FBC2C6FC9C700035738 /* FlightDetailView.swift */,
			);
			path = FlightDetail;
			sourceTree = "<group>";
		};
/* End PBXGroup section */

/* Begin PBXNativeTarget section */
		62A76F872C6FC85800035738 /* SkyBargain */ = {
			isa = PBXNativeTarget;
			buildConfigurationList = 62A76FAD2C6FC85A00035738 /* Build configuration list for PBXNativeTarget "SkyBargain" */;
			buildPhases = (
				62A76F842C6FC85800035738 /* Sources */,
				62A76F852C6FC85800035738 /* Frameworks */,
				62A76F862C6FC85800035738 /* Resources */,
			);
			buildRules = (
			);
			dependencies = (
			);
			name = SkyBargain;
			productName = SkyBargain;
			productReference = 62A76F882C6FC85800035738 /* SkyBargain.app */;
			productType = "com.apple.product-type.application";
		};
		62A76F982C6FC85A00035738 /* SkyBargainTests */ = {
			isa = PBXNativeTarget;
			buildConfigurationList = 62A76FB02C6FC85A00035738 /* Build configuration list for PBXNativeTarget "SkyBargainTests" */;
			buildPhases = (
				62A76F952C6FC85A00035738 /* Sources */,
				62A76F962C6FC85A00035738 /* Frameworks */,
				62A76F972C6FC85A00035738 /* Resources */,
			);
			buildRules = (
			);
			dependencies = (
				62A76F9B2C6FC85A00035738 /* PBXTargetDependency */,
			);
			name = SkyBargainTests;
			productName = SkyBargainTests;
			productReference = 62A76F992C6FC85A00035738 /* SkyBargainTests.xctest */;
			productType = "com.apple.product-type.bundle.unit-test";
		};
		62A76FA22C6FC85A00035738 /* SkyBargainUITests */ = {
			isa = PBXNativeTarget;
			buildConfigurationList = 62A76FB32C6FC85A00035738 /* Build configuration list for PBXNativeTarget "SkyBargainUITests" */;
			buildPhases = (
				62A76F9F2C6FC85A00035738 /* Sources */,
				62A76FA02C6FC85A00035738 /* Frameworks */,
				62A76FA12C6FC85A00035738 /* Resources */,
			);
			buildRules = (
			);
			dependencies = (
				62A76FA52C6FC85A00035738 /* PBXTargetDependency */,
			);
			name = SkyBargainUITests;
			productName = SkyBargainUITests;
			productReference = 62A76FA32C6FC85A00035738 /* SkyBargainUITests.xctest */;
			productType = "com.apple.product-type.bundle.ui-testing";
		};
/* End PBXNativeTarget section */

/* Begin PBXProject section */
		62A76F802C6FC85800035738 /* Project object */ = {
			isa = PBXProject;
			attributes = {
				BuildIndependentTargetsInParallel = 1;
				LastSwiftUpdateCheck = 1540;
				LastUpgradeCheck = 1540;
				TargetAttributes = {
					62A76F872C6FC85800035738 = {
						CreatedOnToolsVersion = 15.4;
					};
					62A76F982C6FC85A00035738 = {
						CreatedOnToolsVersion = 15.4;
						TestTargetID = 62A76F872C6FC85800035738;
					};
					62A76FA22C6FC85A00035738 = {
						CreatedOnToolsVersion = 15.4;
						TestTargetID = 62A76F872C6FC85800035738;
					};
				};
			};
			buildConfigurationList = 62A76F832C6FC85800035738 /* Build configuration list for PBXProject "SkyBargain" */;
			compatibilityVersion = "Xcode 14.0";
			developmentRegion = en;
			hasScannedForEncodings = 0;
			knownRegions = (
				en,
				Base,
			);
			mainGroup = 62A76F7F2C6FC85800035738;
			productRefGroup = 62A76F892C6FC85800035738 /* Products */;
			projectDirPath = "";
			projectRoot = "";
			targets = (
				62A76F872C6FC85800035738 /* SkyBargain */,
				62A76F982C6FC85A00035738 /* SkyBargainTests */,
				62A76FA22C6FC85A00035738 /* SkyBargainUITests */,
			);
		};
/* End PBXProject section */

/* Begin PBXResourcesBuildPhase section */
		62A76F862C6FC85800035738 /* Resources */ = {
			isa = PBXResourcesBuildPhase;
			buildActionMask = 2147483647;
			files = (
				62A76F942C6FC85A00035738 /* Preview Assets.xcassets in Resources */,
				62A76F902C6FC85A00035738 /* Assets.xcassets in Resources */,
			);
			runOnlyForDeploymentPostprocessing = 0;
		};
		62A76F972C6FC85A00035738 /* Resources */ = {
			isa = PBXResourcesBuildPhase;
			buildActionMask = 2147483647;
			files = (
			);
			runOnlyForDeploymentPostprocessing = 0;
		};
		62A76FA12C6FC85A00035738 /* Resources */ = {
			isa = PBXResourcesBuildPhase;
			buildActionMask = 2147483647;
			files = (
			);
			runOnlyForDeploymentPostprocessing = 0;
		};
/* End PBXResourcesBuildPhase section */

/* Begin PBXSourcesBuildPhase section */
		62A76F842C6FC85800035738 /* Sources */ = {
			isa = PBXSourcesBuildPhase;
			buildActionMask = 2147483647;
			files = (
				62A76FC12C6FCA3C00035738 /* FlightsFindService.swift in Sources */,
				62A76FBF2C6FC9F000035738 /* String+Ext.swift in Sources */,
				62A76FB72C6FC8A800035738 /* FlightsListView.swift in Sources */,
				62A76F8C2C6FC85800035738 /* SkyBargainApp.swift in Sources */,
				62A76FB92C6FC93800035738 /* FlightsCellView.swift in Sources */,
				62A76FBD2C6FC9C700035738 /* FlightDetailView.swift in Sources */,
				62A76FC32C6FCA8A00035738 /* FlightsListViewModel.swift in Sources */,
				62A76FBB2C6FC96800035738 /* FlightsModel.swift in Sources */,
			);
			runOnlyForDeploymentPostprocessing = 0;
		};
		62A76F952C6FC85A00035738 /* Sources */ = {
			isa = PBXSourcesBuildPhase;
			buildActionMask = 2147483647;
			files = (
				62A76F9E2C6FC85A00035738 /* SkyBargainTests.swift in Sources */,
			);
			runOnlyForDeploymentPostprocessing = 0;
		};
		62A76F9F2C6FC85A00035738 /* Sources */ = {
			isa = PBXSourcesBuildPhase;
			buildActionMask = 2147483647;
			files = (
				62A76FA82C6FC85A00035738 /* SkyBargainUITests.swift in Sources */,
				62A76FAA2C6FC85A00035738 /* SkyBargainUITestsLaunchTests.swift in Sources */,
			);
			runOnlyForDeploymentPostprocessing = 0;
		};
/* End PBXSourcesBuildPhase section */

/* Begin PBXTargetDependency section */
		62A76F9B2C6FC85A00035738 /* PBXTargetDependency */ = {
			isa = PBXTargetDependency;
			target = 62A76F872C6FC85800035738 /* SkyBargain */;
			targetProxy = 62A76F9A2C6FC85A00035738 /* PBXContainerItemProxy */;
		};
		62A76FA52C6FC85A00035738 /* PBXTargetDependency */ = {
			isa = PBXTargetDependency;
			target = 62A76F872C6FC85800035738 /* SkyBargain */;
			targetProxy = 62A76FA42C6FC85A00035738 /* PBXContainerItemProxy */;
		};
/* End PBXTargetDependency section */

/* Begin XCBuildConfiguration section */
		62A76FAB2C6FC85A00035738 /* Debug */ = {
			isa = XCBuildConfiguration;
			buildSettings = {
				ALWAYS_SEARCH_USER_PATHS = NO;
				ASSETCATALOG_COMPILER_GENERATE_SWIFT_ASSET_SYMBOL_EXTENSIONS = YES;
				CLANG_ANALYZER_NONNULL = YES;
				CLANG_ANALYZER_NUMBER_OBJECT_CONVERSION = YES_AGGRESSIVE;
				CLANG_CXX_LANGUAGE_STANDARD = "gnu++20";
				CLANG_ENABLE_MODULES = YES;
				CLANG_ENABLE_OBJC_ARC = YES;
				CLANG_ENABLE_OBJC_WEAK = YES;
				CLANG_WARN_BLOCK_CAPTURE_AUTORELEASING = YES;
				CLANG_WARN_BOOL_CONVERSION = YES;
				CLANG_WARN_COMMA = YES;
				CLANG_WARN_CONSTANT_CONVERSION = YES;
				CLANG_WARN_DEPRECATED_OBJC_IMPLEMENTATIONS = YES;
				CLANG_WARN_DIRECT_OBJC_ISA_USAGE = YES_ERROR;
				CLANG_WARN_DOCUMENTATION_COMMENTS = YES;
				CLANG_WARN_EMPTY_BODY = YES;
				CLANG_WARN_ENUM_CONVERSION = YES;
				CLANG_WARN_INFINITE_RECURSION = YES;
				CLANG_WARN_INT_CONVERSION = YES;
				CLANG_WARN_NON_LITERAL_NULL_CONVERSION = YES;
				CLANG_WARN_OBJC_IMPLICIT_RETAIN_SELF = YES;
				CLANG_WARN_OBJC_LITERAL_CONVERSION = YES;
				CLANG_WARN_OBJC_ROOT_CLASS = YES_ERROR;
				CLANG_WARN_QUOTED_INCLUDE_IN_FRAMEWORK_HEADER = YES;
				CLANG_WARN_RANGE_LOOP_ANALYSIS = YES;
				CLANG_WARN_STRICT_PROTOTYPES = YES;
				CLANG_WARN_SUSPICIOUS_MOVE = YES;
				CLANG_WARN_UNGUARDED_AVAILABILITY = YES_AGGRESSIVE;
				CLANG_WARN_UNREACHABLE_CODE = YES;
				CLANG_WARN__DUPLICATE_METHOD_MATCH = YES;
				COPY_PHASE_STRIP = NO;
				DEBUG_INFORMATION_FORMAT = dwarf;
				ENABLE_STRICT_OBJC_MSGSEND = YES;
				ENABLE_TESTABILITY = YES;
				ENABLE_USER_SCRIPT_SANDBOXING = YES;
				GCC_C_LANGUAGE_STANDARD = gnu17;
				GCC_DYNAMIC_NO_PIC = NO;
				GCC_NO_COMMON_BLOCKS = YES;
				GCC_OPTIMIZATION_LEVEL = 0;
				GCC_PREPROCESSOR_DEFINITIONS = (
					"DEBUG=1",
					"$(inherited)",
				);
				GCC_WARN_64_TO_32_BIT_CONVERSION = YES;
				GCC_WARN_ABOUT_RETURN_TYPE = YES_ERROR;
				GCC_WARN_UNDECLARED_SELECTOR = YES;
				GCC_WARN_UNINITIALIZED_AUTOS = YES_AGGRESSIVE;
				GCC_WARN_UNUSED_FUNCTION = YES;
				GCC_WARN_UNUSED_VARIABLE = YES;
				LOCALIZATION_PREFERS_STRING_CATALOGS = YES;
				MTL_ENABLE_DEBUG_INFO = INCLUDE_SOURCE;
				MTL_FAST_MATH = YES;
				ONLY_ACTIVE_ARCH = YES;
				SWIFT_ACTIVE_COMPILATION_CONDITIONS = "DEBUG $(inherited)";
				SWIFT_OPTIMIZATION_LEVEL = "-Onone";
			};
			name = Debug;
		};
		62A76FAC2C6FC85A00035738 /* Release */ = {
			isa = XCBuildConfiguration;
			buildSettings = {
				ALWAYS_SEARCH_USER_PATHS = NO;
				ASSETCATALOG_COMPILER_GENERATE_SWIFT_ASSET_SYMBOL_EXTENSIONS = YES;
				CLANG_ANALYZER_NONNULL = YES;
				CLANG_ANALYZER_NUMBER_OBJECT_CONVERSION = YES_AGGRESSIVE;
				CLANG_CXX_LANGUAGE_STANDARD = "gnu++20";
				CLANG_ENABLE_MODULES = YES;
				CLANG_ENABLE_OBJC_ARC = YES;
				CLANG_ENABLE_OBJC_WEAK = YES;
				CLANG_WARN_BLOCK_CAPTURE_AUTORELEASING = YES;
				CLANG_WARN_BOOL_CONVERSION = YES;
				CLANG_WARN_COMMA = YES;
				CLANG_WARN_CONSTANT_CONVERSION = YES;
				CLANG_WARN_DEPRECATED_OBJC_IMPLEMENTATIONS = YES;
				CLANG_WARN_DIRECT_OBJC_ISA_USAGE = YES_ERROR;
				CLANG_WARN_DOCUMENTATION_COMMENTS = YES;
				CLANG_WARN_EMPTY_BODY = YES;
				CLANG_WARN_ENUM_CONVERSION = YES;
				CLANG_WARN_INFINITE_RECURSION = YES;
				CLANG_WARN_INT_CONVERSION = YES;
				CLANG_WARN_NON_LITERAL_NULL_CONVERSION = YES;
				CLANG_WARN_OBJC_IMPLICIT_RETAIN_SELF = YES;
				CLANG_WARN_OBJC_LITERAL_CONVERSION = YES;
				CLANG_WARN_OBJC_ROOT_CLASS = YES_ERROR;
				CLANG_WARN_QUOTED_INCLUDE_IN_FRAMEWORK_HEADER = YES;
				CLANG_WARN_RANGE_LOOP_ANALYSIS = YES;
				CLANG_WARN_STRICT_PROTOTYPES = YES;
				CLANG_WARN_SUSPICIOUS_MOVE = YES;
				CLANG_WARN_UNGUARDED_AVAILABILITY = YES_AGGRESSIVE;
				CLANG_WARN_UNREACHABLE_CODE = YES;
				CLANG_WARN__DUPLICATE_METHOD_MATCH = YES;
				COPY_PHASE_STRIP = NO;
				DEBUG_INFORMATION_FORMAT = "dwarf-with-dsym";
				ENABLE_NS_ASSERTIONS = NO;
				ENABLE_STRICT_OBJC_MSGSEND = YES;
				ENABLE_USER_SCRIPT_SANDBOXING = YES;
				GCC_C_LANGUAGE_STANDARD = gnu17;
				GCC_NO_COMMON_BLOCKS = YES;
				GCC_WARN_64_TO_32_BIT_CONVERSION = YES;
				GCC_WARN_ABOUT_RETURN_TYPE = YES_ERROR;
				GCC_WARN_UNDECLARED_SELECTOR = YES;
				GCC_WARN_UNINITIALIZED_AUTOS = YES_AGGRESSIVE;
				GCC_WARN_UNUSED_FUNCTION = YES;
				GCC_WARN_UNUSED_VARIABLE = YES;
				LOCALIZATION_PREFERS_STRING_CATALOGS = YES;
				MTL_ENABLE_DEBUG_INFO = NO;
				MTL_FAST_MATH = YES;
				SWIFT_COMPILATION_MODE = wholemodule;
			};
			name = Release;
		};
		62A76FAE2C6FC85A00035738 /* Debug */ = {
			isa = XCBuildConfiguration;
			buildSettings = {
				ASSETCATALOG_COMPILER_APPICON_NAME = AppIcon;
				ASSETCATALOG_COMPILER_GLOBAL_ACCENT_COLOR_NAME = AccentColor;
				CODE_SIGN_ENTITLEMENTS = SkyBargain/SkyBargain.entitlements;
				CODE_SIGN_STYLE = Automatic;
				CURRENT_PROJECT_VERSION = 1;
				DEVELOPMENT_ASSET_PATHS = "\"SkyBargain/Preview Content\"";
				DEVELOPMENT_TEAM = 8JNHMF9MWK;
				ENABLE_HARDENED_RUNTIME = YES;
				ENABLE_PREVIEWS = YES;
				GENERATE_INFOPLIST_FILE = YES;
				"INFOPLIST_KEY_UIApplicationSceneManifest_Generation[sdk=iphoneos*]" = YES;
				"INFOPLIST_KEY_UIApplicationSceneManifest_Generation[sdk=iphonesimulator*]" = YES;
				"INFOPLIST_KEY_UIApplicationSupportsIndirectInputEvents[sdk=iphoneos*]" = YES;
				"INFOPLIST_KEY_UIApplicationSupportsIndirectInputEvents[sdk=iphonesimulator*]" = YES;
				"INFOPLIST_KEY_UILaunchScreen_Generation[sdk=iphoneos*]" = YES;
				"INFOPLIST_KEY_UILaunchScreen_Generation[sdk=iphonesimulator*]" = YES;
				"INFOPLIST_KEY_UIStatusBarStyle[sdk=iphoneos*]" = UIStatusBarStyleDefault;
				"INFOPLIST_KEY_UIStatusBarStyle[sdk=iphonesimulator*]" = UIStatusBarStyleDefault;
				INFOPLIST_KEY_UISupportedInterfaceOrientations = UIInterfaceOrientationPortrait;
				INFOPLIST_KEY_UISupportedInterfaceOrientations_iPad = "UIInterfaceOrientationLandscapeLeft UIInterfaceOrientationLandscapeRight UIInterfaceOrientationPortrait UIInterfaceOrientationPortraitUpsideDown";
				IPHONEOS_DEPLOYMENT_TARGET = 16.0;
				LD_RUNPATH_SEARCH_PATHS = "@executable_path/Frameworks";
				"LD_RUNPATH_SEARCH_PATHS[sdk=macosx*]" = "@executable_path/../Frameworks";
				MACOSX_DEPLOYMENT_TARGET = 14.5;
				MARKETING_VERSION = 1.0;
				PRODUCT_BUNDLE_IDENTIFIER = AR.SkyBargain;
				PRODUCT_NAME = "$(TARGET_NAME)";
				SDKROOT = auto;
				SUPPORTED_PLATFORMS = "iphoneos iphonesimulator";
				SUPPORTS_MACCATALYST = NO;
				SWIFT_EMIT_LOC_STRINGS = YES;
				SWIFT_VERSION = 5.0;
				TARGETED_DEVICE_FAMILY = 1;
			};
			name = Debug;
		};
		62A76FAF2C6FC85A00035738 /* Release */ = {
			isa = XCBuildConfiguration;
			buildSettings = {
				ASSETCATALOG_COMPILER_APPICON_NAME = AppIcon;
				ASSETCATALOG_COMPILER_GLOBAL_ACCENT_COLOR_NAME = AccentColor;
				CODE_SIGN_ENTITLEMENTS = SkyBargain/SkyBargain.entitlements;
				CODE_SIGN_STYLE = Automatic;
				CURRENT_PROJECT_VERSION = 1;
				DEVELOPMENT_ASSET_PATHS = "\"SkyBargain/Preview Content\"";
				DEVELOPMENT_TEAM = 8JNHMF9MWK;
				ENABLE_HARDENED_RUNTIME = YES;
				ENABLE_PREVIEWS = YES;
				GENERATE_INFOPLIST_FILE = YES;
				"INFOPLIST_KEY_UIApplicationSceneManifest_Generation[sdk=iphoneos*]" = YES;
				"INFOPLIST_KEY_UIApplicationSceneManifest_Generation[sdk=iphonesimulator*]" = YES;
				"INFOPLIST_KEY_UIApplicationSupportsIndirectInputEvents[sdk=iphoneos*]" = YES;
				"INFOPLIST_KEY_UIApplicationSupportsIndirectInputEvents[sdk=iphonesimulator*]" = YES;
				"INFOPLIST_KEY_UILaunchScreen_Generation[sdk=iphoneos*]" = YES;
				"INFOPLIST_KEY_UILaunchScreen_Generation[sdk=iphonesimulator*]" = YES;
				"INFOPLIST_KEY_UIStatusBarStyle[sdk=iphoneos*]" = UIStatusBarStyleDefault;
				"INFOPLIST_KEY_UIStatusBarStyle[sdk=iphonesimulator*]" = UIStatusBarStyleDefault;
				INFOPLIST_KEY_UISupportedInterfaceOrientations = UIInterfaceOrientationPortrait;
				INFOPLIST_KEY_UISupportedInterfaceOrientations_iPad = "UIInterfaceOrientationLandscapeLeft UIInterfaceOrientationLandscapeRight UIInterfaceOrientationPortrait UIInterfaceOrientationPortraitUpsideDown";
				IPHONEOS_DEPLOYMENT_TARGET = 16.0;
				LD_RUNPATH_SEARCH_PATHS = "@executable_path/Frameworks";
				"LD_RUNPATH_SEARCH_PATHS[sdk=macosx*]" = "@executable_path/../Frameworks";
				MACOSX_DEPLOYMENT_TARGET = 14.5;
				MARKETING_VERSION = 1.0;
				PRODUCT_BUNDLE_IDENTIFIER = AR.SkyBargain;
				PRODUCT_NAME = "$(TARGET_NAME)";
				SDKROOT = auto;
				SUPPORTED_PLATFORMS = "iphoneos iphonesimulator";
				SUPPORTS_MACCATALYST = NO;
				SWIFT_EMIT_LOC_STRINGS = YES;
				SWIFT_VERSION = 5.0;
				TARGETED_DEVICE_FAMILY = 1;
			};
			name = Release;
		};
		62A76FB12C6FC85A00035738 /* Debug */ = {
			isa = XCBuildConfiguration;
			buildSettings = {
				ALWAYS_EMBED_SWIFT_STANDARD_LIBRARIES = YES;
				BUNDLE_LOADER = "$(TEST_HOST)";
				CODE_SIGN_STYLE = Automatic;
				CURRENT_PROJECT_VERSION = 1;
				DEVELOPMENT_TEAM = 8JNHMF9MWK;
				GENERATE_INFOPLIST_FILE = YES;
				IPHONEOS_DEPLOYMENT_TARGET = 17.5;
				MACOSX_DEPLOYMENT_TARGET = 14.5;
				MARKETING_VERSION = 1.0;
				PRODUCT_BUNDLE_IDENTIFIER = AR.SkyBargainTests;
				PRODUCT_NAME = "$(TARGET_NAME)";
				SDKROOT = auto;
				SUPPORTED_PLATFORMS = "iphoneos iphonesimulator macosx";
				SWIFT_EMIT_LOC_STRINGS = NO;
				SWIFT_VERSION = 5.0;
				TARGETED_DEVICE_FAMILY = "1,2";
				TEST_HOST = "$(BUILT_PRODUCTS_DIR)/SkyBargain.app/$(BUNDLE_EXECUTABLE_FOLDER_PATH)/SkyBargain";
			};
			name = Debug;
		};
		62A76FB22C6FC85A00035738 /* Release */ = {
			isa = XCBuildConfiguration;
			buildSettings = {
				ALWAYS_EMBED_SWIFT_STANDARD_LIBRARIES = YES;
				BUNDLE_LOADER = "$(TEST_HOST)";
				CODE_SIGN_STYLE = Automatic;
				CURRENT_PROJECT_VERSION = 1;
				DEVELOPMENT_TEAM = 8JNHMF9MWK;
				GENERATE_INFOPLIST_FILE = YES;
				IPHONEOS_DEPLOYMENT_TARGET = 17.5;
				MACOSX_DEPLOYMENT_TARGET = 14.5;
				MARKETING_VERSION = 1.0;
				PRODUCT_BUNDLE_IDENTIFIER = AR.SkyBargainTests;
				PRODUCT_NAME = "$(TARGET_NAME)";
				SDKROOT = auto;
				SUPPORTED_PLATFORMS = "iphoneos iphonesimulator macosx";
				SWIFT_EMIT_LOC_STRINGS = NO;
				SWIFT_VERSION = 5.0;
				TARGETED_DEVICE_FAMILY = "1,2";
				TEST_HOST = "$(BUILT_PRODUCTS_DIR)/SkyBargain.app/$(BUNDLE_EXECUTABLE_FOLDER_PATH)/SkyBargain";
			};
			name = Release;
		};
		62A76FB42C6FC85A00035738 /* Debug */ = {
			isa = XCBuildConfiguration;
			buildSettings = {
				ALWAYS_EMBED_SWIFT_STANDARD_LIBRARIES = YES;
				CODE_SIGN_STYLE = Automatic;
				CURRENT_PROJECT_VERSION = 1;
				DEVELOPMENT_TEAM = 8JNHMF9MWK;
				GENERATE_INFOPLIST_FILE = YES;
				IPHONEOS_DEPLOYMENT_TARGET = 17.5;
				MACOSX_DEPLOYMENT_TARGET = 14.5;
				MARKETING_VERSION = 1.0;
				PRODUCT_BUNDLE_IDENTIFIER = AR.SkyBargainUITests;
				PRODUCT_NAME = "$(TARGET_NAME)";
				SDKROOT = auto;
				SUPPORTED_PLATFORMS = "iphoneos iphonesimulator macosx";
				SWIFT_EMIT_LOC_STRINGS = NO;
				SWIFT_VERSION = 5.0;
				TARGETED_DEVICE_FAMILY = "1,2";
				TEST_TARGET_NAME = SkyBargain;
			};
			name = Debug;
		};
		62A76FB52C6FC85A00035738 /* Release */ = {
			isa = XCBuildConfiguration;
			buildSettings = {
				ALWAYS_EMBED_SWIFT_STANDARD_LIBRARIES = YES;
				CODE_SIGN_STYLE = Automatic;
				CURRENT_PROJECT_VERSION = 1;
				DEVELOPMENT_TEAM = 8JNHMF9MWK;
				GENERATE_INFOPLIST_FILE = YES;
				IPHONEOS_DEPLOYMENT_TARGET = 17.5;
				MACOSX_DEPLOYMENT_TARGET = 14.5;
				MARKETING_VERSION = 1.0;
				PRODUCT_BUNDLE_IDENTIFIER = AR.SkyBargainUITests;
				PRODUCT_NAME = "$(TARGET_NAME)";
				SDKROOT = auto;
				SUPPORTED_PLATFORMS = "iphoneos iphonesimulator macosx";
				SWIFT_EMIT_LOC_STRINGS = NO;
				SWIFT_VERSION = 5.0;
				TARGETED_DEVICE_FAMILY = "1,2";
				TEST_TARGET_NAME = SkyBargain;
			};
			name = Release;
		};
/* End XCBuildConfiguration section */

/* Begin XCConfigurationList section */
		62A76F832C6FC85800035738 /* Build configuration list for PBXProject "SkyBargain" */ = {
			isa = XCConfigurationList;
			buildConfigurations = (
				62A76FAB2C6FC85A00035738 /* Debug */,
				62A76FAC2C6FC85A00035738 /* Release */,
			);
			defaultConfigurationIsVisible = 0;
			defaultConfigurationName = Release;
		};
		62A76FAD2C6FC85A00035738 /* Build configuration list for PBXNativeTarget "SkyBargain" */ = {
			isa = XCConfigurationList;
			buildConfigurations = (
				62A76FAE2C6FC85A00035738 /* Debug */,
				62A76FAF2C6FC85A00035738 /* Release */,
			);
			defaultConfigurationIsVisible = 0;
			defaultConfigurationName = Release;
		};
		62A76FB02C6FC85A00035738 /* Build configuration list for PBXNativeTarget "SkyBargainTests" */ = {
			isa = XCConfigurationList;
			buildConfigurations = (
				62A76FB12C6FC85A00035738 /* Debug */,
				62A76FB22C6FC85A00035738 /* Release */,
			);
			defaultConfigurationIsVisible = 0;
			defaultConfigurationName = Release;
		};
		62A76FB32C6FC85A00035738 /* Build configuration list for PBXNativeTarget "SkyBargainUITests" */ = {
			isa = XCConfigurationList;
			buildConfigurations = (
				62A76FB42C6FC85A00035738 /* Debug */,
				62A76FB52C6FC85A00035738 /* Release */,
			);
			defaultConfigurationIsVisible = 0;
			defaultConfigurationName = Release;
		};
/* End XCConfigurationList section */
	};
	rootObject = 62A76F802C6FC85800035738 /* Project object */;
}
